
Microsoft Visual Studio Solution File, Format Version 12.00
# Visual Studio Version 16
VisualStudioVersion = 16.0.30717.126
MinimumVisualStudioVersion = 10.0.40219.1
Project("{2150E333-8FDC-42A3-9474-1A3956D46DE8}") = "Cross", "Cross", "{707E24B0-E341-4ADD-956B-CF97243CC02C}"
EndProject
Project("{2150E333-8FDC-42A3-9474-1A3956D46DE8}") = "Projects", "Projects", "{C2075EA8-266E-4BF9-8EC2-CE9DDF9E9177}"
EndProject
Project("{2150E333-8FDC-42A3-9474-1A3956D46DE8}") = "Microservices", "Microservices", "{D1DB4205-40D8-4B31-B30A-56889735110F}"
EndProject
Project("{2150E333-8FDC-42A3-9474-1A3956D46DE8}") = "Gateway", "Gateway", "{DFA29E0D-8372-465E-9997-58043DA85BAA}"
EndProject
Project("{2150E333-8FDC-42A3-9474-1A3956D46DE8}") = "1 - Security", "1 - Security", "{AFA8682A-AC96-4CCF-B9AD-68C7E4B3C3C1}"
EndProject
Project("{9A19103F-16F7-4668-BE54-9A1E7A4F7556}") = "AFORO255.MS.TEST.Security", "AFORO255.MS.TEST.Security\AFORO255.MS.TEST.Security.csproj", "{D3F4D7B1-1506-4668-88F9-4A31040D9FBC}"
EndProject
Project("{9A19103F-16F7-4668-BE54-9A1E7A4F7556}") = "MS.AFORO255.Cross.Jwt", "AFORO255.MS.TEST.Jwt\MS.AFORO255.Cross.Jwt.csproj", "{30969ECB-4496-4468-B1A2-ED4783CC404D}"
EndProject
Project("{2150E333-8FDC-42A3-9474-1A3956D46DE8}") = "2 - Invoice", "2 - Invoice", "{3470FF7F-6607-4345-8E2C-EE9897433D4E}"
EndProject
Project("{9A19103F-16F7-4668-BE54-9A1E7A4F7556}") = "AFORO255.MS.TEST.Invoice", "AFORO255.MS.TEST.Invoice\AFORO255.MS.TEST.Invoice.csproj", "{C035A42E-AAC6-4AF7-9961-FF9504224E5C}"
EndProject
Project("{2150E333-8FDC-42A3-9474-1A3956D46DE8}") = "3 - Pay", "3 - Pay", "{C3293289-0B7D-489D-B43B-2F7C59865776}"
EndProject
Project("{9A19103F-16F7-4668-BE54-9A1E7A4F7556}") = "AFORO255.MS.TEST.Pay", "AFORO255.MS.TEST.Pay\AFORO255.MS.TEST.Pay.csproj", "{E256B78F-097F-40C0-8569-FA0572427658}"
EndProject
Project("{9A19103F-16F7-4668-BE54-9A1E7A4F7556}") = "MS.AFORO255.Cross.RabbitMQ", "AFORO255.MS.TEST.RabbitMQ\MS.AFORO255.Cross.RabbitMQ.csproj", "{66AA95E8-C217-4203-9547-877753B164D5}"
EndProject
Project("{2150E333-8FDC-42A3-9474-1A3956D46DE8}") = "4 - Transaction", "4 - Transaction", "{C141B4CC-5E83-4B80-A171-87824A0D9A76}"
EndProject
Project("{FAE04EC0-301F-11D3-BF4B-00C04F79EFBC}") = "AFORO255.MS.TEST.Transaction", "AFORO255.MS.TEST.Transaction\AFORO255.MS.TEST.Transaction.csproj", "{7BE48E43-946B-415D-A1BE-5AE4C480BD54}"
EndProject
Global
	GlobalSection(SolutionConfigurationPlatforms) = preSolution
		Debug|Any CPU = Debug|Any CPU
		Release|Any CPU = Release|Any CPU
	EndGlobalSection
	GlobalSection(ProjectConfigurationPlatforms) = postSolution
		{D3F4D7B1-1506-4668-88F9-4A31040D9FBC}.Debug|Any CPU.ActiveCfg = Debug|Any CPU
		{D3F4D7B1-1506-4668-88F9-4A31040D9FBC}.Debug|Any CPU.Build.0 = Debug|Any CPU
		{D3F4D7B1-1506-4668-88F9-4A31040D9FBC}.Release|Any CPU.ActiveCfg = Release|Any CPU
		{D3F4D7B1-1506-4668-88F9-4A31040D9FBC}.Release|Any CPU.Build.0 = Release|Any CPU
		{30969ECB-4496-4468-B1A2-ED4783CC404D}.Debug|Any CPU.ActiveCfg = Debug|Any CPU
		{30969ECB-4496-4468-B1A2-ED4783CC404D}.Debug|Any CPU.Build.0 = Debug|Any CPU
		{30969ECB-4496-4468-B1A2-ED4783CC404D}.Release|Any CPU.ActiveCfg = Release|Any CPU
		{30969ECB-4496-4468-B1A2-ED4783CC404D}.Release|Any CPU.Build.0 = Release|Any CPU
		{C035A42E-AAC6-4AF7-9961-FF9504224E5C}.Debug|Any CPU.ActiveCfg = Debug|Any CPU
		{C035A42E-AAC6-4AF7-9961-FF9504224E5C}.Debug|Any CPU.Build.0 = Debug|Any CPU
		{C035A42E-AAC6-4AF7-9961-FF9504224E5C}.Release|Any CPU.ActiveCfg = Release|Any CPU
		{C035A42E-AAC6-4AF7-9961-FF9504224E5C}.Release|Any CPU.Build.0 = Release|Any CPU
		{E256B78F-097F-40C0-8569-FA0572427658}.Debug|Any CPU.ActiveCfg = Debug|Any CPU
		{E256B78F-097F-40C0-8569-FA0572427658}.Debug|Any CPU.Build.0 = Debug|Any CPU
		{E256B78F-097F-40C0-8569-FA0572427658}.Release|Any CPU.ActiveCfg = Release|Any CPU
		{E256B78F-097F-40C0-8569-FA0572427658}.Release|Any CPU.Build.0 = Release|Any CPU
		{66AA95E8-C217-4203-9547-877753B164D5}.Debug|Any CPU.ActiveCfg = Debug|Any CPU
		{66AA95E8-C217-4203-9547-877753B164D5}.Debug|Any CPU.Build.0 = Debug|Any CPU
		{66AA95E8-C217-4203-9547-877753B164D5}.Release|Any CPU.ActiveCfg = Release|Any CPU
		{66AA95E8-C217-4203-9547-877753B164D5}.Release|Any CPU.Build.0 = Release|Any CPU
		{7BE48E43-946B-415D-A1BE-5AE4C480BD54}.Debug|Any CPU.ActiveCfg = Debug|Any CPU
		{7BE48E43-946B-415D-A1BE-5AE4C480BD54}.Debug|Any CPU.Build.0 = Debug|Any CPU
		{7BE48E43-946B-415D-A1BE-5AE4C480BD54}.Release|Any CPU.ActiveCfg = Release|Any CPU
		{7BE48E43-946B-415D-A1BE-5AE4C480BD54}.Release|Any CPU.Build.0 = Release|Any CPU
	EndGlobalSection
	GlobalSection(SolutionProperties) = preSolution
		HideSolutionNode = FALSE
	EndGlobalSection
	GlobalSection(NestedProjects) = preSolution
		{D1DB4205-40D8-4B31-B30A-56889735110F} = {C2075EA8-266E-4BF9-8EC2-CE9DDF9E9177}
		{DFA29E0D-8372-465E-9997-58043DA85BAA} = {C2075EA8-266E-4BF9-8EC2-CE9DDF9E9177}
		{AFA8682A-AC96-4CCF-B9AD-68C7E4B3C3C1} = {D1DB4205-40D8-4B31-B30A-56889735110F}
		{D3F4D7B1-1506-4668-88F9-4A31040D9FBC} = {AFA8682A-AC96-4CCF-B9AD-68C7E4B3C3C1}
		{30969ECB-4496-4468-B1A2-ED4783CC404D} = {707E24B0-E341-4ADD-956B-CF97243CC02C}
		{3470FF7F-6607-4345-8E2C-EE9897433D4E} = {D1DB4205-40D8-4B31-B30A-56889735110F}
		{C035A42E-AAC6-4AF7-9961-FF9504224E5C} = {3470FF7F-6607-4345-8E2C-EE9897433D4E}
		{C3293289-0B7D-489D-B43B-2F7C59865776} = {D1DB4205-40D8-4B31-B30A-56889735110F}
		{E256B78F-097F-40C0-8569-FA0572427658} = {C3293289-0B7D-489D-B43B-2F7C59865776}
		{66AA95E8-C217-4203-9547-877753B164D5} = {707E24B0-E341-4ADD-956B-CF97243CC02C}
		{C141B4CC-5E83-4B80-A171-87824A0D9A76} = {D1DB4205-40D8-4B31-B30A-56889735110F}
		{7BE48E43-946B-415D-A1BE-5AE4C480BD54} = {C141B4CC-5E83-4B80-A171-87824A0D9A76}
	EndGlobalSection
	GlobalSection(ExtensibilityGlobals) = postSolution
		SolutionGuid = {45DBF093-4BA1-43E6-9570-E03798A2E9D9}
	EndGlobalSection
EndGlobal
